{
  "object": {
    "pins": [
      {
        "package": "KVKCalendar",
        "repositoryURL": "https://github.com/kvyatkovskys/KVKCalendar.git",
        "state": {
          "branch": null,
          "revision": "4883279c817bd1ad469186ca6467c5229ddc6d67",
          "version": "0.4.6"
        }
      }
    ]
  },
  "version": 1
}
